
Microsoft Visual Studio Solution File, Format Version 12.00
# Visual Studio Version 17
VisualStudioVersion = 17.2.32616.157
MinimumVisualStudioVersion = 10.0.40219.1
Project("{FAE04EC0-301F-11D3-BF4B-00C04F79EFBC}") = "MVCWebApp", "MVCWebApp\MVCWebApp.csproj", "{EE70D256-F784-4EAC-8631-37C7FBEAC277}"
EndProject
Global
	GlobalSection(SolutionConfigurationPlatforms) = preSolution
		Debug|Any CPU = Debug|Any CPU
		Release|Any CPU = Release|Any CPU
	EndGlobalSection
	GlobalSection(ProjectConfigurationPlatforms) = postSolution
		{EE70D256-F784-4EAC-8631-37C7FBEAC277}.Debug|Any CPU.ActiveCfg = Debug|Any CPU
		{EE70D256-F784-4EAC-8631-37C7FBEAC277}.Debug|Any CPU.Build.0 = Debug|Any CPU
		{EE70D256-F784-4EAC-8631-37C7FBEAC277}.Release|Any CPU.ActiveCfg = Release|Any CPU
		{EE70D256-F784-4EAC-8631-37C7FBEAC277}.Release|Any CPU.Build.0 = Release|Any CPU
	EndGlobalSection
	GlobalSection(SolutionProperties) = preSolution
		HideSolutionNode = FALSE
	EndGlobalSection
	GlobalSection(ExtensibilityGlobals) = postSolution
		SolutionGuid = {6FFB68AF-3FAE-447F-9B9F-492ECF5D45F4}
	EndGlobalSection
EndGlobal
